
Microsoft Visual Studio Solution File, Format Version 12.00
# Visual Studio Version 17
VisualStudioVersion = 17.4.32804.182
MinimumVisualStudioVersion = 10.0.40219.1
Project("{2150E333-8FDC-42A3-9474-1A3956D46DE8}") = "DependencyInjection", "DependencyInjection", "{7B11399B-8024-499F-94EE-5569CAFA863F}"
EndProject
Project("{2150E333-8FDC-42A3-9474-1A3956D46DE8}") = "DotNet7", "DotNet7", "{6F95E196-707C-4009-A841-70C6A22DC7CE}"
EndProject
Project("{2150E333-8FDC-42A3-9474-1A3956D46DE8}") = "gRPC", "gRPC", "{86C43298-B881-4088-BBCE-F06FBA41A11F}"
EndProject
Project("{2150E333-8FDC-42A3-9474-1A3956D46DE8}") = "Others", "Others", "{8D60B0B3-A419-4EA2-907C-F8B4E5CCC6C1}"
EndProject
Project("{9A19103F-16F7-4668-BE54-9A1E7A4F7556}") = "NickChapsas_DI_notWorking", "DependencyInjection\NickChapsas_DI_notWorking\NickChapsas_DI_notWorking.csproj", "{F201BE73-DBDE-450C-BDC0-FAE345A68E43}"
EndProject
Project("{9A19103F-16F7-4668-BE54-9A1E7A4F7556}") = "RawCoding_DI", "DependencyInjection\RawCoding_DI\RawCoding_DI.csproj", "{3DF4C4E5-DC42-40D2-A30C-56BA70D188BD}"
EndProject
Project("{9A19103F-16F7-4668-BE54-9A1E7A4F7556}") = "TheSimpleEngineer_DI", "DependencyInjection\TheSimpleEngineer_DI\TheSimpleEngineer_DI.csproj", "{04598025-28EE-4674-B207-4BA21CC2F2C6}"
EndProject
Project("{9A19103F-16F7-4668-BE54-9A1E7A4F7556}") = "TimCorey_DI", "DependencyInjection\TimCorey_DI\TimCorey_DI.csproj", "{BDA72D8D-CF5C-41FF-91F3-C6493B5CD076}"
EndProject
Project("{9A19103F-16F7-4668-BE54-9A1E7A4F7556}") = "TimCorey_DI_with_Autofac", "DependencyInjection\TimCorey_DI_with_Autofac\TimCorey_DI_with_Autofac.csproj", "{929A4780-F202-4CB9-AFDF-8E5FB5BE8A1F}"
EndProject
Project("{9A19103F-16F7-4668-BE54-9A1E7A4F7556}") = "GrpcClient", "gRPC\GrpcClient\GrpcClient.csproj", "{081BE853-E4DA-4AB6-A320-782A06623469}"
EndProject
Project("{9A19103F-16F7-4668-BE54-9A1E7A4F7556}") = "GrpcDemo", "gRPC\GrpcDemo\GrpcDemo.csproj", "{B8CBAB33-533D-4AE1-B11A-A09E2C887357}"
EndProject
Project("{9A19103F-16F7-4668-BE54-9A1E7A4F7556}") = "Features in cSharp 8", "Others\Features in cSharp 8\Features in cSharp 8.csproj", "{C830E3E3-E29C-4643-B863-DF37F0A46690}"
EndProject
Project("{9A19103F-16F7-4668-BE54-9A1E7A4F7556}") = "FromAttributes_API", "Others\FromAttributes_API\FromAttributes_API.csproj", "{98CF23BB-92A4-470C-9D96-406090FE3A86}"
EndProject
Project("{9A19103F-16F7-4668-BE54-9A1E7A4F7556}") = "SingleOrDefaultVsFirstOrDefault", "Others\SingleOrDefaultVsFirstOrDefault\SingleOrDefaultVsFirstOrDefault.csproj", "{2032F644-C13C-4AD4-95F7-3F7A3BF36316}"
EndProject
Project("{2150E333-8FDC-42A3-9474-1A3956D46DE8}") = "NickChapsas", "NickChapsas", "{E9D1136B-45F8-4389-9823-B3CB29CCA9E3}"
EndProject
Project("{2150E333-8FDC-42A3-9474-1A3956D46DE8}") = "HttpClient", "HttpClient", "{1734F039-A0CC-4C6E-BF91-5D584D439E23}"
EndProject
Project("{9A19103F-16F7-4668-BE54-9A1E7A4F7556}") = "ImplementRetriesInDotNet", "DotNet7\NickChapsas\ImplementRetriesInDotNet\ImplementRetriesInDotNet.csproj", "{4F3E4DDF-20F2-4A03-AE38-F2FFF11974FF}"
EndProject
Project("{9A19103F-16F7-4668-BE54-9A1E7A4F7556}") = "NickChapsas_HttpClientFactory", "Others\HttpClient\HttpClientFactory\NickChapsas_HttpClientFactory.csproj", "{B626D9D6-1035-4607-9C39-2A5CE429F1C3}"
EndProject
Project("{9A19103F-16F7-4668-BE54-9A1E7A4F7556}") = "HttpClientFactoryResilient", "Others\HttpClient\HttpClientFactoryDefinition\HttpClientFactoryResilient.csproj", "{71E67DE3-733C-44A2-BB1A-191A10941C79}"
EndProject
Project("{9A19103F-16F7-4668-BE54-9A1E7A4F7556}") = "RawCoding_HttpClient.API", "Others\HttpClient\RawCoding_HttpClient.API\RawCoding_HttpClient.API.csproj", "{103DB9D8-B9A1-44C9-A749-48CC903B4472}"
EndProject
Project("{9A19103F-16F7-4668-BE54-9A1E7A4F7556}") = "RawCoding_HttpClient.Consumer", "Others\HttpClient\RawCoding_HttpClient.Consumer\RawCoding_HttpClient.Consumer.csproj", "{9672D004-5A2F-4CD7-9910-AD8D84C2758E}"
EndProject
Project("{9A19103F-16F7-4668-BE54-9A1E7A4F7556}") = "HttpClientFactoryHowToUse", "Others\HttpClient\HttpClientFactoryHowToUse\HttpClientFactoryHowToUse.csproj", "{FDEA8142-804A-4928-B311-E23F8C9448BF}"
EndProject
Project("{9A19103F-16F7-4668-BE54-9A1E7A4F7556}") = "FastListIteration", "DotNet7\NickChapsas\FastListIteration\FastListIteration.csproj", "{1279C02A-16DC-4F4C-80A0-F62951F4C104}"
EndProject
Project("{2150E333-8FDC-42A3-9474-1A3956D46DE8}") = "DotNetConf", "DotNetConf", "{4E9E8EED-DD52-4AB6-919C-C3C9BC2D5571}"
EndProject
Project("{2150E333-8FDC-42A3-9474-1A3956D46DE8}") = "1_Keynote", "1_Keynote", "{0FDC1AE7-D611-43DB-B274-8188D3E162EB}"
	ProjectSection(SolutionItems) = preProject
		Documentation.txt = Documentation.txt
	EndProjectSection
EndProject
Project("{2150E333-8FDC-42A3-9474-1A3956D46DE8}") = "Design Patterns", "Design Patterns", "{651E1E9C-F3DB-4EC9-9927-A2955A49D8BC}"
EndProject
Project("{9A19103F-16F7-4668-BE54-9A1E7A4F7556}") = "Mediator Design Pattern", "Others\Design Patterns\Mediator Design Pattern\Mediator Design Pattern.csproj", "{4C11A326-D59E-470E-BE46-FAA934638E9C}"
EndProject
Project("{2150E333-8FDC-42A3-9474-1A3956D46DE8}") = "MediatR", "MediatR", "{2D4138A3-7908-4633-B1FA-5505E7DE151A}"
EndProject
Project("{9A19103F-16F7-4668-BE54-9A1E7A4F7556}") = "RawCoding_MediatR_CQRS", "Others\MediatR\RawCoding_MediatR_CQRS\RawCoding_MediatR_CQRS.csproj", "{D420EFFA-225D-46F5-9C91-0B83EBD6828E}"
EndProject
Project("{9A19103F-16F7-4668-BE54-9A1E7A4F7556}") = "RawCoding_MediatR_CQRS_Services", "Others\MediatR\RawCoding_MediatR_CQRS_Services\RawCoding_MediatR_CQRS_Services.csproj", "{F7C4B9F7-A05E-4F00-9817-859DCA081E94}"
EndProject
Project("{9A19103F-16F7-4668-BE54-9A1E7A4F7556}") = "NickChapsas_MediatR_CQRS", "Others\MediatR\NickChapsas_MediatR_CQRS\NickChapsas_MediatR_CQRS.csproj", "{4D0BBB2B-BDEA-4A18-B2A8-D2762E82AD70}"
EndProject
Project("{9A19103F-16F7-4668-BE54-9A1E7A4F7556}") = "MinimalApis_MapGroup", "DotNet7\DotNetConf\1_Keynote\MinimalApis_MapGroup\MinimalApis_MapGroup.csproj", "{9011D811-8713-4E02-81CF-1717211F61B7}"
EndProject
Project("{9A19103F-16F7-4668-BE54-9A1E7A4F7556}") = "MinimalApis_MapGroup2", "DotNet7\DotNetConf\1_Keynote\MinimalApis_MapGroup2\MinimalApis_MapGroup2.csproj", "{48682ED3-6099-4B1A-B306-34EFB5D6918C}"
EndProject
Project("{9A19103F-16F7-4668-BE54-9A1E7A4F7556}") = "AggregateFunction", "Others\AggregateFunction\AggregateFunction.csproj", "{C9560F33-1B20-40F2-8FA3-9CB5368D2CBA}"
EndProject
Project("{9A19103F-16F7-4668-BE54-9A1E7A4F7556}") = "LINQ_SelectMany", "Others\LINQ_SelectMany\LINQ_SelectMany.csproj", "{F12D3070-8656-46FE-8487-21CA9AB5AD69}"
EndProject
Project("{2150E333-8FDC-42A3-9474-1A3956D46DE8}") = "DotNet8", "DotNet8", "{A59DC99A-FC83-4289-A3B5-6EFFB18991CC}"
EndProject
Project("{9A19103F-16F7-4668-BE54-9A1E7A4F7556}") = "StopwatchExample", "DotNet7\NickChapsas\Stopwatch\StopwatchExample.csproj", "{29B7DB67-9508-4B03-9CAE-B5A3EE290516}"
EndProject
Project("{9A19103F-16F7-4668-BE54-9A1E7A4F7556}") = "GrpcService.Server", "gRPC\GrpcService.Server\GrpcService.Server.csproj", "{AF7F5868-DAFB-4ED5-9051-9E5CD9968A98}"
EndProject
Project("{2150E333-8FDC-42A3-9474-1A3956D46DE8}") = "Tim Corey", "Tim Corey", "{7AFE650A-4E6B-4907-B49A-3F1DA29C7180}"
EndProject
Project("{2150E333-8FDC-42A3-9474-1A3956D46DE8}") = "Row Coding", "Row Coding", "{63EBBE96-7226-407F-9459-76F52964317B}"
EndProject
Project("{2150E333-8FDC-42A3-9474-1A3956D46DE8}") = "Nick Chapsas", "Nick Chapsas", "{046F44D2-7313-49C7-A9C8-0B0F73D1BB47}"
EndProject
Project("{9A19103F-16F7-4668-BE54-9A1E7A4F7556}") = "CodeCop008", "DotNet8\Nick Chapsas\CodeCop008\CodeCop008.csproj", "{93414F54-47C5-4508-B529-11A5A9550667}"
EndProject
Project("{9A19103F-16F7-4668-BE54-9A1E7A4F7556}") = "Every Feature in Csharp12", "DotNet8\Nick Chapsas\Every Feature in C#12\Every Feature in Csharp12\Every Feature in Csharp12.csproj", "{ADCEE357-5C70-451A-9181-C3670CD5B050}"
EndProject
Project("{2150E333-8FDC-42A3-9474-1A3956D46DE8}") = "dotNet Conf", "dotNet Conf", "{4D4569A2-602D-4A81-82F2-ADD40A2B3DB5}"
EndProject
Project("{9A19103F-16F7-4668-BE54-9A1E7A4F7556}") = "BlazorServer", "DotNet8\dotNetConf\Aspire\BlazorServer\BlazorServer.csproj", "{86902F8B-9BA5-4246-A9EF-E4B84CA06043}"
EndProject
Project("{9A19103F-16F7-4668-BE54-9A1E7A4F7556}") = "WepAPI", "DotNet8\dotNetConf\Aspire\WepAPI\WepAPI.csproj", "{D1A49777-391B-4F6D-B30E-418C8AA3CE12}"
EndProject
Project("{2150E333-8FDC-42A3-9474-1A3956D46DE8}") = "04_Building Cloud Native apps with dotNet 8", "04_Building Cloud Native apps with dotNet 8", "{C3E4D361-9582-47D7-872E-2282DB2D3404}"
EndProject
Project("{9A19103F-16F7-4668-BE54-9A1E7A4F7556}") = "Aspire.AppHost", "DotNet8\dotNetConf\Aspire\Aspire.AppHost\Aspire.AppHost.csproj", "{DE23A292-534D-4221-BB09-1098A53F7756}"
EndProject
Project("{9A19103F-16F7-4668-BE54-9A1E7A4F7556}") = "Aspire.ServiceDefaults", "DotNet8\dotNetConf\Aspire\Aspire.ServiceDefaults\Aspire.ServiceDefaults.csproj", "{40A0C89D-8334-428D-AA51-E6F5A963ABC1}"
EndProject
Project("{2150E333-8FDC-42A3-9474-1A3956D46DE8}") = "05_cSharp12", "05_cSharp12", "{5A9B5672-7842-4245-882A-E66F5FE62078}"
EndProject
Project("{9A19103F-16F7-4668-BE54-9A1E7A4F7556}") = "cSharp12", "DotNet8\dotNetConf\5_cSharp12\cSharp12\cSharp12.csproj", "{B273BA3A-68AC-4E5C-B391-F3BCC865CBF9}"
EndProject
Project("{2150E333-8FDC-42A3-9474-1A3956D46DE8}") = "Others", "Others", "{75C7CB7D-88AF-4071-81AE-30964D9AB096}"
EndProject
Project("{9A19103F-16F7-4668-BE54-9A1E7A4F7556}") = "JSON data in EF8 core", "DotNet8\Others\JSON data in EF8 core\JSON data in EF8 core.csproj", "{B0A54C63-8B57-4ACE-BB15-02597E706969}"
EndProject
Project("{2150E333-8FDC-42A3-9474-1A3956D46DE8}") = "07_Clean Arhitecture", "07_Clean Arhitecture", "{A8DFEE83-840A-4E18-BB6B-C60D77F5A17C}"
EndProject
Project("{2150E333-8FDC-42A3-9474-1A3956D46DE8}") = "08_ASPNET Core Auth Simplified", "08_ASPNET Core Auth Simplified", "{29F67EEF-F3C6-4337-B5DE-79638EE9E629}"
EndProject
Project("{9A19103F-16F7-4668-BE54-9A1E7A4F7556}") = "EasyAuthInDotNet8", "DotNet8\dotNetConf\8_ASPNET Core Auth Simplified\EasyAuthInDotNet8\EasyAuthInDotNet8.csproj", "{C1E19CAD-D853-4D52-A18A-AEF7A92BF23F}"
EndProject
Project("{9A19103F-16F7-4668-BE54-9A1E7A4F7556}") = "BlazorApp1", "DotNet8\dotNetConf\8_ASPNET Core Auth Simplified\BlazorApp1\BlazorApp1\BlazorApp1.csproj", "{06C4A00C-EF74-4A09-B62A-1BC9A661E1DC}"
EndProject
Project("{9A19103F-16F7-4668-BE54-9A1E7A4F7556}") = "BlazorApp1.Client", "DotNet8\dotNetConf\8_ASPNET Core Auth Simplified\BlazorApp1\BlazorApp1.Client\BlazorApp1.Client.csproj", "{FBC81BA0-4770-46EF-8598-5D6F0278C1E4}"
EndProject
Project("{2150E333-8FDC-42A3-9474-1A3956D46DE8}") = "11_Source Generators", "11_Source Generators", "{2500B30B-2381-4D9F-9388-FC36296FED2B}"
EndProject
Project("{9A19103F-16F7-4668-BE54-9A1E7A4F7556}") = "ClassListConsole", "DotNet8\dotNetConf\11_Source Generators\ClassListConsole\ClassListConsole.csproj", "{C2E08A63-1720-4785-B218-066202D5A2FD}"
EndProject
Project("{9A19103F-16F7-4668-BE54-9A1E7A4F7556}") = "ClassListGenerator", "DotNet8\dotNetConf\11_Source Generators\ClassListGenerator\ClassListGenerator.csproj", "{8647C3F2-1C04-4A49-9777-92C0A879E134}"
EndProject
Project("{E24C65DC-7377-472B-9ABA-BC803B73C61A}") = "7_Clean Arhitecture", "DotNet8\dotNetConf\7_Clean Arhitecture\", "{C875E1FF-658A-4DD5-9E5F-1CDD86E47669}"
	ProjectSection(WebsiteProperties) = preProject
		TargetFrameworkMoniker = ".NETFramework,Version%3Dv4.8"
		Debug.AspNetCompiler.VirtualPath = "/localhost_52321"
		Debug.AspNetCompiler.PhysicalPath = "DotNet8\dotNetConf\7_Clean Arhitecture\"
		Debug.AspNetCompiler.TargetPath = "PrecompiledWeb\localhost_52321\"
		Debug.AspNetCompiler.Updateable = "true"
		Debug.AspNetCompiler.ForceOverwrite = "true"
		Debug.AspNetCompiler.FixedNames = "false"
		Debug.AspNetCompiler.Debug = "True"
		Release.AspNetCompiler.VirtualPath = "/localhost_52321"
		Release.AspNetCompiler.PhysicalPath = "DotNet8\dotNetConf\7_Clean Arhitecture\"
		Release.AspNetCompiler.TargetPath = "PrecompiledWeb\localhost_52321\"
		Release.AspNetCompiler.Updateable = "true"
		Release.AspNetCompiler.ForceOverwrite = "true"
		Release.AspNetCompiler.FixedNames = "false"
		Release.AspNetCompiler.Debug = "False"
		VWDPort = "52321"
		SlnRelativePath = "DotNet8\dotNetConf\7_Clean Arhitecture\"
	EndProjectSection
EndProject
Project("{2150E333-8FDC-42A3-9474-1A3956D46DE8}") = "14_Containers advancements in dotNET 8", "14_Containers advancements in dotNET 8", "{796D4F62-3644-4661-82EB-7A72C9A84599}"
EndProject
Project("{9A19103F-16F7-4668-BE54-9A1E7A4F7556}") = "hello_dotnet", "DotNet8\dotNetConf\14_Containers advancements in dotNet 8\hello_dotnet.csproj", "{E602EA47-8E36-45DE-BE73-E6BC2D36DD41}"
EndProject
Project("{2150E333-8FDC-42A3-9474-1A3956D46DE8}") = "15_Configuration in Depth", "15_Configuration in Depth", "{85877FF1-F078-4212-A8E7-42D968B37D98}"
EndProject
Project("{2150E333-8FDC-42A3-9474-1A3956D46DE8}") = "_Documentation", "_Documentation", "{47E7BB10-68D0-4EA9-9D43-1608FEC43E48}"
	ProjectSection(SolutionItems) = preProject
		DotNet8\dotNetConf\_Documentation\01_Welcome to dotNet8.txt = DotNet8\dotNetConf\_Documentation\01_Welcome to dotNet8.txt
		DotNet8\dotNetConf\_Documentation\03_Full stack web UI with Blazor.txt = DotNet8\dotNetConf\_Documentation\03_Full stack web UI with Blazor.txt
		DotNet8\dotNetConf\_Documentation\04_Building Cloud Native apps.txt = DotNet8\dotNetConf\_Documentation\04_Building Cloud Native apps.txt
		DotNet8\dotNetConf\_Documentation\05_Performance Improvements.txt = DotNet8\dotNetConf\_Documentation\05_Performance Improvements.txt
		DotNet8\dotNetConf\_Documentation\06_cSharp12.txt = DotNet8\dotNetConf\_Documentation\06_cSharp12.txt
		DotNet8\dotNetConf\_Documentation\07_Clean Arhitecture.txt = DotNet8\dotNetConf\_Documentation\07_Clean Arhitecture.txt
		DotNet8\dotNetConf\_Documentation\08_ ASPNet Core Authentication Simplified.txt = DotNet8\dotNetConf\_Documentation\08_ ASPNet Core Authentication Simplified.txt
		DotNet8\dotNetConf\_Documentation\09_EF8 - Improved JSON, queryable collections.txt = DotNet8\dotNetConf\_Documentation\09_EF8 - Improved JSON, queryable collections.txt
		DotNet8\dotNetConf\_Documentation\11_Source Generators.txt = DotNet8\dotNetConf\_Documentation\11_Source Generators.txt
		DotNet8\dotNetConf\_Documentation\14_Containers advancements in dotNET 8 .txt = DotNet8\dotNetConf\_Documentation\14_Containers advancements in dotNET 8 .txt
		DotNet8\dotNetConf\_Documentation\15_Configuration in Depth.txt = DotNet8\dotNetConf\_Documentation\15_Configuration in Depth.txt
		DotNet8\dotNetConf\_Documentation\19_What s new in System.Text.Json .txt = DotNet8\dotNetConf\_Documentation\19_What s new in System.Text.Json .txt
		DotNet8\dotNetConf\_Documentation\Packing light with VSC and C# Dev kit.txt = DotNet8\dotNetConf\_Documentation\Packing light with VSC and C# Dev kit.txt
	EndProjectSection
EndProject
Project("{9A19103F-16F7-4668-BE54-9A1E7A4F7556}") = "Configuration in Depth", "DotNet8\dotNetConf\15_Configuration in Depth\Configuration in Depth.csproj", "{88E9822F-FCA9-4957-80BD-F1A02A83CEB4}"
EndProject
Project("{2150E333-8FDC-42A3-9474-1A3956D46DE8}") = "19_What s new in System.Text.Json", "19_What s new in System.Text.Json", "{D5242BC1-C6E0-4CE1-9B98-7525F6A516A5}"
EndProject
Project("{FAE04EC0-301F-11D3-BF4B-00C04F79EFBC}") = "AspNetAotDemo", "DotNet8\dotNetConf\19_What s new in System.Text.Json\AspNetAotDemo.csproj", "{E733065B-C513-42B4-B397-84CFC01F35A3}"
EndProject
Project("{FAE04EC0-301F-11D3-BF4B-00C04F79EFBC}") = "CodeCop010", "DotNet8\Nick Chapsas\CodeCop010\CodeCop010.csproj", "{2791AF71-A452-4286-B1F9-99B8283B45F5}"
EndProject
Project("{2150E333-8FDC-42A3-9474-1A3956D46DE8}") = "Scheduling", "Scheduling", "{71DAEA22-42AA-470D-87A1-EC4C5F5E20C7}"
EndProject
Project("{FAE04EC0-301F-11D3-BF4B-00C04F79EFBC}") = "Scheduling.ConsoleApp", "DotNet8\Nick Chapsas\Scheduling\Scheduling.ConsoleApp\Scheduling.ConsoleApp.csproj", "{3A0E7EFF-A1E4-4F42-8B47-6D7FA57E651B}"
EndProject
Project("{FAE04EC0-301F-11D3-BF4B-00C04F79EFBC}") = "Scheduling.Api", "DotNet8\Nick Chapsas\Scheduling\Scheduling.Api\Scheduling.Api.csproj", "{D30CC21F-E307-49B4-BBDC-2472DD9647AF}"
EndProject
Global
	GlobalSection(SolutionConfigurationPlatforms) = preSolution
		Debug|Any CPU = Debug|Any CPU
		Release|Any CPU = Release|Any CPU
	EndGlobalSection
	GlobalSection(ProjectConfigurationPlatforms) = postSolution
		{F201BE73-DBDE-450C-BDC0-FAE345A68E43}.Debug|Any CPU.ActiveCfg = Debug|Any CPU
		{F201BE73-DBDE-450C-BDC0-FAE345A68E43}.Debug|Any CPU.Build.0 = Debug|Any CPU
		{F201BE73-DBDE-450C-BDC0-FAE345A68E43}.Release|Any CPU.ActiveCfg = Release|Any CPU
		{F201BE73-DBDE-450C-BDC0-FAE345A68E43}.Release|Any CPU.Build.0 = Release|Any CPU
		{3DF4C4E5-DC42-40D2-A30C-56BA70D188BD}.Debug|Any CPU.ActiveCfg = Debug|Any CPU
		{3DF4C4E5-DC42-40D2-A30C-56BA70D188BD}.Debug|Any CPU.Build.0 = Debug|Any CPU
		{3DF4C4E5-DC42-40D2-A30C-56BA70D188BD}.Release|Any CPU.ActiveCfg = Release|Any CPU
		{3DF4C4E5-DC42-40D2-A30C-56BA70D188BD}.Release|Any CPU.Build.0 = Release|Any CPU
		{04598025-28EE-4674-B207-4BA21CC2F2C6}.Debug|Any CPU.ActiveCfg = Debug|Any CPU
		{04598025-28EE-4674-B207-4BA21CC2F2C6}.Debug|Any CPU.Build.0 = Debug|Any CPU
		{04598025-28EE-4674-B207-4BA21CC2F2C6}.Release|Any CPU.ActiveCfg = Release|Any CPU
		{04598025-28EE-4674-B207-4BA21CC2F2C6}.Release|Any CPU.Build.0 = Release|Any CPU
		{BDA72D8D-CF5C-41FF-91F3-C6493B5CD076}.Debug|Any CPU.ActiveCfg = Debug|Any CPU
		{BDA72D8D-CF5C-41FF-91F3-C6493B5CD076}.Debug|Any CPU.Build.0 = Debug|Any CPU
		{BDA72D8D-CF5C-41FF-91F3-C6493B5CD076}.Release|Any CPU.ActiveCfg = Release|Any CPU
		{BDA72D8D-CF5C-41FF-91F3-C6493B5CD076}.Release|Any CPU.Build.0 = Release|Any CPU
		{929A4780-F202-4CB9-AFDF-8E5FB5BE8A1F}.Debug|Any CPU.ActiveCfg = Debug|Any CPU
		{929A4780-F202-4CB9-AFDF-8E5FB5BE8A1F}.Debug|Any CPU.Build.0 = Debug|Any CPU
		{929A4780-F202-4CB9-AFDF-8E5FB5BE8A1F}.Release|Any CPU.ActiveCfg = Release|Any CPU
		{929A4780-F202-4CB9-AFDF-8E5FB5BE8A1F}.Release|Any CPU.Build.0 = Release|Any CPU
		{081BE853-E4DA-4AB6-A320-782A06623469}.Debug|Any CPU.ActiveCfg = Debug|Any CPU
		{081BE853-E4DA-4AB6-A320-782A06623469}.Debug|Any CPU.Build.0 = Debug|Any CPU
		{081BE853-E4DA-4AB6-A320-782A06623469}.Release|Any CPU.ActiveCfg = Release|Any CPU
		{081BE853-E4DA-4AB6-A320-782A06623469}.Release|Any CPU.Build.0 = Release|Any CPU
		{B8CBAB33-533D-4AE1-B11A-A09E2C887357}.Debug|Any CPU.ActiveCfg = Debug|Any CPU
		{B8CBAB33-533D-4AE1-B11A-A09E2C887357}.Debug|Any CPU.Build.0 = Debug|Any CPU
		{B8CBAB33-533D-4AE1-B11A-A09E2C887357}.Release|Any CPU.ActiveCfg = Release|Any CPU
		{B8CBAB33-533D-4AE1-B11A-A09E2C887357}.Release|Any CPU.Build.0 = Release|Any CPU
		{C830E3E3-E29C-4643-B863-DF37F0A46690}.Debug|Any CPU.ActiveCfg = Debug|Any CPU
		{C830E3E3-E29C-4643-B863-DF37F0A46690}.Debug|Any CPU.Build.0 = Debug|Any CPU
		{C830E3E3-E29C-4643-B863-DF37F0A46690}.Release|Any CPU.ActiveCfg = Release|Any CPU
		{C830E3E3-E29C-4643-B863-DF37F0A46690}.Release|Any CPU.Build.0 = Release|Any CPU
		{98CF23BB-92A4-470C-9D96-406090FE3A86}.Debug|Any CPU.ActiveCfg = Debug|Any CPU
		{98CF23BB-92A4-470C-9D96-406090FE3A86}.Debug|Any CPU.Build.0 = Debug|Any CPU
		{98CF23BB-92A4-470C-9D96-406090FE3A86}.Release|Any CPU.ActiveCfg = Release|Any CPU
		{98CF23BB-92A4-470C-9D96-406090FE3A86}.Release|Any CPU.Build.0 = Release|Any CPU
		{2032F644-C13C-4AD4-95F7-3F7A3BF36316}.Debug|Any CPU.ActiveCfg = Debug|Any CPU
		{2032F644-C13C-4AD4-95F7-3F7A3BF36316}.Debug|Any CPU.Build.0 = Debug|Any CPU
		{2032F644-C13C-4AD4-95F7-3F7A3BF36316}.Release|Any CPU.ActiveCfg = Release|Any CPU
		{2032F644-C13C-4AD4-95F7-3F7A3BF36316}.Release|Any CPU.Build.0 = Release|Any CPU
		{4F3E4DDF-20F2-4A03-AE38-F2FFF11974FF}.Debug|Any CPU.ActiveCfg = Debug|Any CPU
		{4F3E4DDF-20F2-4A03-AE38-F2FFF11974FF}.Debug|Any CPU.Build.0 = Debug|Any CPU
		{4F3E4DDF-20F2-4A03-AE38-F2FFF11974FF}.Release|Any CPU.ActiveCfg = Release|Any CPU
		{4F3E4DDF-20F2-4A03-AE38-F2FFF11974FF}.Release|Any CPU.Build.0 = Release|Any CPU
		{B626D9D6-1035-4607-9C39-2A5CE429F1C3}.Debug|Any CPU.ActiveCfg = Debug|Any CPU
		{B626D9D6-1035-4607-9C39-2A5CE429F1C3}.Debug|Any CPU.Build.0 = Debug|Any CPU
		{B626D9D6-1035-4607-9C39-2A5CE429F1C3}.Release|Any CPU.ActiveCfg = Release|Any CPU
		{B626D9D6-1035-4607-9C39-2A5CE429F1C3}.Release|Any CPU.Build.0 = Release|Any CPU
		{71E67DE3-733C-44A2-BB1A-191A10941C79}.Debug|Any CPU.ActiveCfg = Debug|Any CPU
		{71E67DE3-733C-44A2-BB1A-191A10941C79}.Debug|Any CPU.Build.0 = Debug|Any CPU
		{71E67DE3-733C-44A2-BB1A-191A10941C79}.Release|Any CPU.ActiveCfg = Release|Any CPU
		{71E67DE3-733C-44A2-BB1A-191A10941C79}.Release|Any CPU.Build.0 = Release|Any CPU
		{103DB9D8-B9A1-44C9-A749-48CC903B4472}.Debug|Any CPU.ActiveCfg = Debug|Any CPU
		{103DB9D8-B9A1-44C9-A749-48CC903B4472}.Debug|Any CPU.Build.0 = Debug|Any CPU
		{103DB9D8-B9A1-44C9-A749-48CC903B4472}.Release|Any CPU.ActiveCfg = Release|Any CPU
		{103DB9D8-B9A1-44C9-A749-48CC903B4472}.Release|Any CPU.Build.0 = Release|Any CPU
		{9672D004-5A2F-4CD7-9910-AD8D84C2758E}.Debug|Any CPU.ActiveCfg = Debug|Any CPU
		{9672D004-5A2F-4CD7-9910-AD8D84C2758E}.Debug|Any CPU.Build.0 = Debug|Any CPU
		{9672D004-5A2F-4CD7-9910-AD8D84C2758E}.Release|Any CPU.ActiveCfg = Release|Any CPU
		{9672D004-5A2F-4CD7-9910-AD8D84C2758E}.Release|Any CPU.Build.0 = Release|Any CPU
		{FDEA8142-804A-4928-B311-E23F8C9448BF}.Debug|Any CPU.ActiveCfg = Debug|Any CPU
		{FDEA8142-804A-4928-B311-E23F8C9448BF}.Debug|Any CPU.Build.0 = Debug|Any CPU
		{FDEA8142-804A-4928-B311-E23F8C9448BF}.Release|Any CPU.ActiveCfg = Release|Any CPU
		{FDEA8142-804A-4928-B311-E23F8C9448BF}.Release|Any CPU.Build.0 = Release|Any CPU
		{1279C02A-16DC-4F4C-80A0-F62951F4C104}.Debug|Any CPU.ActiveCfg = Debug|Any CPU
		{1279C02A-16DC-4F4C-80A0-F62951F4C104}.Debug|Any CPU.Build.0 = Debug|Any CPU
		{1279C02A-16DC-4F4C-80A0-F62951F4C104}.Release|Any CPU.ActiveCfg = Release|Any CPU
		{1279C02A-16DC-4F4C-80A0-F62951F4C104}.Release|Any CPU.Build.0 = Release|Any CPU
		{4C11A326-D59E-470E-BE46-FAA934638E9C}.Debug|Any CPU.ActiveCfg = Debug|Any CPU
		{4C11A326-D59E-470E-BE46-FAA934638E9C}.Debug|Any CPU.Build.0 = Debug|Any CPU
		{4C11A326-D59E-470E-BE46-FAA934638E9C}.Release|Any CPU.ActiveCfg = Release|Any CPU
		{4C11A326-D59E-470E-BE46-FAA934638E9C}.Release|Any CPU.Build.0 = Release|Any CPU
		{D420EFFA-225D-46F5-9C91-0B83EBD6828E}.Debug|Any CPU.ActiveCfg = Debug|Any CPU
		{D420EFFA-225D-46F5-9C91-0B83EBD6828E}.Debug|Any CPU.Build.0 = Debug|Any CPU
		{D420EFFA-225D-46F5-9C91-0B83EBD6828E}.Release|Any CPU.ActiveCfg = Release|Any CPU
		{D420EFFA-225D-46F5-9C91-0B83EBD6828E}.Release|Any CPU.Build.0 = Release|Any CPU
		{F7C4B9F7-A05E-4F00-9817-859DCA081E94}.Debug|Any CPU.ActiveCfg = Debug|Any CPU
		{F7C4B9F7-A05E-4F00-9817-859DCA081E94}.Debug|Any CPU.Build.0 = Debug|Any CPU
		{F7C4B9F7-A05E-4F00-9817-859DCA081E94}.Release|Any CPU.ActiveCfg = Release|Any CPU
		{F7C4B9F7-A05E-4F00-9817-859DCA081E94}.Release|Any CPU.Build.0 = Release|Any CPU
		{4D0BBB2B-BDEA-4A18-B2A8-D2762E82AD70}.Debug|Any CPU.ActiveCfg = Debug|Any CPU
		{4D0BBB2B-BDEA-4A18-B2A8-D2762E82AD70}.Debug|Any CPU.Build.0 = Debug|Any CPU
		{4D0BBB2B-BDEA-4A18-B2A8-D2762E82AD70}.Release|Any CPU.ActiveCfg = Release|Any CPU
		{4D0BBB2B-BDEA-4A18-B2A8-D2762E82AD70}.Release|Any CPU.Build.0 = Release|Any CPU
		{9011D811-8713-4E02-81CF-1717211F61B7}.Debug|Any CPU.ActiveCfg = Debug|Any CPU
		{9011D811-8713-4E02-81CF-1717211F61B7}.Debug|Any CPU.Build.0 = Debug|Any CPU
		{9011D811-8713-4E02-81CF-1717211F61B7}.Release|Any CPU.ActiveCfg = Release|Any CPU
		{9011D811-8713-4E02-81CF-1717211F61B7}.Release|Any CPU.Build.0 = Release|Any CPU
		{48682ED3-6099-4B1A-B306-34EFB5D6918C}.Debug|Any CPU.ActiveCfg = Debug|Any CPU
		{48682ED3-6099-4B1A-B306-34EFB5D6918C}.Debug|Any CPU.Build.0 = Debug|Any CPU
		{48682ED3-6099-4B1A-B306-34EFB5D6918C}.Release|Any CPU.ActiveCfg = Release|Any CPU
		{48682ED3-6099-4B1A-B306-34EFB5D6918C}.Release|Any CPU.Build.0 = Release|Any CPU
		{C9560F33-1B20-40F2-8FA3-9CB5368D2CBA}.Debug|Any CPU.ActiveCfg = Debug|Any CPU
		{C9560F33-1B20-40F2-8FA3-9CB5368D2CBA}.Debug|Any CPU.Build.0 = Debug|Any CPU
		{C9560F33-1B20-40F2-8FA3-9CB5368D2CBA}.Release|Any CPU.ActiveCfg = Release|Any CPU
		{C9560F33-1B20-40F2-8FA3-9CB5368D2CBA}.Release|Any CPU.Build.0 = Release|Any CPU
		{F12D3070-8656-46FE-8487-21CA9AB5AD69}.Debug|Any CPU.ActiveCfg = Debug|Any CPU
		{F12D3070-8656-46FE-8487-21CA9AB5AD69}.Debug|Any CPU.Build.0 = Debug|Any CPU
		{F12D3070-8656-46FE-8487-21CA9AB5AD69}.Release|Any CPU.ActiveCfg = Release|Any CPU
		{F12D3070-8656-46FE-8487-21CA9AB5AD69}.Release|Any CPU.Build.0 = Release|Any CPU
		{29B7DB67-9508-4B03-9CAE-B5A3EE290516}.Debug|Any CPU.ActiveCfg = Debug|Any CPU
		{29B7DB67-9508-4B03-9CAE-B5A3EE290516}.Debug|Any CPU.Build.0 = Debug|Any CPU
		{29B7DB67-9508-4B03-9CAE-B5A3EE290516}.Release|Any CPU.ActiveCfg = Release|Any CPU
		{29B7DB67-9508-4B03-9CAE-B5A3EE290516}.Release|Any CPU.Build.0 = Release|Any CPU
		{AF7F5868-DAFB-4ED5-9051-9E5CD9968A98}.Debug|Any CPU.ActiveCfg = Debug|Any CPU
		{AF7F5868-DAFB-4ED5-9051-9E5CD9968A98}.Debug|Any CPU.Build.0 = Debug|Any CPU
		{AF7F5868-DAFB-4ED5-9051-9E5CD9968A98}.Release|Any CPU.ActiveCfg = Release|Any CPU
		{AF7F5868-DAFB-4ED5-9051-9E5CD9968A98}.Release|Any CPU.Build.0 = Release|Any CPU
		{93414F54-47C5-4508-B529-11A5A9550667}.Debug|Any CPU.ActiveCfg = Debug|Any CPU
		{93414F54-47C5-4508-B529-11A5A9550667}.Debug|Any CPU.Build.0 = Debug|Any CPU
		{93414F54-47C5-4508-B529-11A5A9550667}.Release|Any CPU.ActiveCfg = Release|Any CPU
		{93414F54-47C5-4508-B529-11A5A9550667}.Release|Any CPU.Build.0 = Release|Any CPU
		{ADCEE357-5C70-451A-9181-C3670CD5B050}.Debug|Any CPU.ActiveCfg = Debug|Any CPU
		{ADCEE357-5C70-451A-9181-C3670CD5B050}.Debug|Any CPU.Build.0 = Debug|Any CPU
		{ADCEE357-5C70-451A-9181-C3670CD5B050}.Release|Any CPU.ActiveCfg = Release|Any CPU
		{ADCEE357-5C70-451A-9181-C3670CD5B050}.Release|Any CPU.Build.0 = Release|Any CPU
		{86902F8B-9BA5-4246-A9EF-E4B84CA06043}.Debug|Any CPU.ActiveCfg = Debug|Any CPU
		{86902F8B-9BA5-4246-A9EF-E4B84CA06043}.Debug|Any CPU.Build.0 = Debug|Any CPU
		{86902F8B-9BA5-4246-A9EF-E4B84CA06043}.Release|Any CPU.ActiveCfg = Release|Any CPU
		{86902F8B-9BA5-4246-A9EF-E4B84CA06043}.Release|Any CPU.Build.0 = Release|Any CPU
		{D1A49777-391B-4F6D-B30E-418C8AA3CE12}.Debug|Any CPU.ActiveCfg = Debug|Any CPU
		{D1A49777-391B-4F6D-B30E-418C8AA3CE12}.Debug|Any CPU.Build.0 = Debug|Any CPU
		{D1A49777-391B-4F6D-B30E-418C8AA3CE12}.Release|Any CPU.ActiveCfg = Release|Any CPU
		{D1A49777-391B-4F6D-B30E-418C8AA3CE12}.Release|Any CPU.Build.0 = Release|Any CPU
		{DE23A292-534D-4221-BB09-1098A53F7756}.Debug|Any CPU.ActiveCfg = Debug|Any CPU
		{DE23A292-534D-4221-BB09-1098A53F7756}.Debug|Any CPU.Build.0 = Debug|Any CPU
		{DE23A292-534D-4221-BB09-1098A53F7756}.Release|Any CPU.ActiveCfg = Release|Any CPU
		{DE23A292-534D-4221-BB09-1098A53F7756}.Release|Any CPU.Build.0 = Release|Any CPU
		{40A0C89D-8334-428D-AA51-E6F5A963ABC1}.Debug|Any CPU.ActiveCfg = Debug|Any CPU
		{40A0C89D-8334-428D-AA51-E6F5A963ABC1}.Debug|Any CPU.Build.0 = Debug|Any CPU
		{40A0C89D-8334-428D-AA51-E6F5A963ABC1}.Release|Any CPU.ActiveCfg = Release|Any CPU
		{40A0C89D-8334-428D-AA51-E6F5A963ABC1}.Release|Any CPU.Build.0 = Release|Any CPU
		{B273BA3A-68AC-4E5C-B391-F3BCC865CBF9}.Debug|Any CPU.ActiveCfg = Debug|Any CPU
		{B273BA3A-68AC-4E5C-B391-F3BCC865CBF9}.Debug|Any CPU.Build.0 = Debug|Any CPU
		{B273BA3A-68AC-4E5C-B391-F3BCC865CBF9}.Release|Any CPU.ActiveCfg = Release|Any CPU
		{B273BA3A-68AC-4E5C-B391-F3BCC865CBF9}.Release|Any CPU.Build.0 = Release|Any CPU
		{B0A54C63-8B57-4ACE-BB15-02597E706969}.Debug|Any CPU.ActiveCfg = Debug|Any CPU
		{B0A54C63-8B57-4ACE-BB15-02597E706969}.Debug|Any CPU.Build.0 = Debug|Any CPU
		{B0A54C63-8B57-4ACE-BB15-02597E706969}.Release|Any CPU.ActiveCfg = Release|Any CPU
		{B0A54C63-8B57-4ACE-BB15-02597E706969}.Release|Any CPU.Build.0 = Release|Any CPU
		{C1E19CAD-D853-4D52-A18A-AEF7A92BF23F}.Debug|Any CPU.ActiveCfg = Debug|Any CPU
		{C1E19CAD-D853-4D52-A18A-AEF7A92BF23F}.Debug|Any CPU.Build.0 = Debug|Any CPU
		{C1E19CAD-D853-4D52-A18A-AEF7A92BF23F}.Release|Any CPU.ActiveCfg = Release|Any CPU
		{C1E19CAD-D853-4D52-A18A-AEF7A92BF23F}.Release|Any CPU.Build.0 = Release|Any CPU
		{06C4A00C-EF74-4A09-B62A-1BC9A661E1DC}.Debug|Any CPU.ActiveCfg = Debug|Any CPU
		{06C4A00C-EF74-4A09-B62A-1BC9A661E1DC}.Debug|Any CPU.Build.0 = Debug|Any CPU
		{06C4A00C-EF74-4A09-B62A-1BC9A661E1DC}.Release|Any CPU.ActiveCfg = Release|Any CPU
		{06C4A00C-EF74-4A09-B62A-1BC9A661E1DC}.Release|Any CPU.Build.0 = Release|Any CPU
		{FBC81BA0-4770-46EF-8598-5D6F0278C1E4}.Debug|Any CPU.ActiveCfg = Debug|Any CPU
		{FBC81BA0-4770-46EF-8598-5D6F0278C1E4}.Debug|Any CPU.Build.0 = Debug|Any CPU
		{FBC81BA0-4770-46EF-8598-5D6F0278C1E4}.Release|Any CPU.ActiveCfg = Release|Any CPU
		{FBC81BA0-4770-46EF-8598-5D6F0278C1E4}.Release|Any CPU.Build.0 = Release|Any CPU
		{C2E08A63-1720-4785-B218-066202D5A2FD}.Debug|Any CPU.ActiveCfg = Debug|Any CPU
		{C2E08A63-1720-4785-B218-066202D5A2FD}.Debug|Any CPU.Build.0 = Debug|Any CPU
		{C2E08A63-1720-4785-B218-066202D5A2FD}.Release|Any CPU.ActiveCfg = Release|Any CPU
		{C2E08A63-1720-4785-B218-066202D5A2FD}.Release|Any CPU.Build.0 = Release|Any CPU
		{8647C3F2-1C04-4A49-9777-92C0A879E134}.Debug|Any CPU.ActiveCfg = Debug|Any CPU
		{8647C3F2-1C04-4A49-9777-92C0A879E134}.Debug|Any CPU.Build.0 = Debug|Any CPU
		{8647C3F2-1C04-4A49-9777-92C0A879E134}.Release|Any CPU.ActiveCfg = Release|Any CPU
		{8647C3F2-1C04-4A49-9777-92C0A879E134}.Release|Any CPU.Build.0 = Release|Any CPU
		{C875E1FF-658A-4DD5-9E5F-1CDD86E47669}.Debug|Any CPU.ActiveCfg = Debug|Any CPU
		{C875E1FF-658A-4DD5-9E5F-1CDD86E47669}.Debug|Any CPU.Build.0 = Debug|Any CPU
		{C875E1FF-658A-4DD5-9E5F-1CDD86E47669}.Release|Any CPU.ActiveCfg = Debug|Any CPU
		{C875E1FF-658A-4DD5-9E5F-1CDD86E47669}.Release|Any CPU.Build.0 = Debug|Any CPU
		{E602EA47-8E36-45DE-BE73-E6BC2D36DD41}.Debug|Any CPU.ActiveCfg = Debug|Any CPU
		{E602EA47-8E36-45DE-BE73-E6BC2D36DD41}.Debug|Any CPU.Build.0 = Debug|Any CPU
		{E602EA47-8E36-45DE-BE73-E6BC2D36DD41}.Release|Any CPU.ActiveCfg = Release|Any CPU
		{E602EA47-8E36-45DE-BE73-E6BC2D36DD41}.Release|Any CPU.Build.0 = Release|Any CPU
		{88E9822F-FCA9-4957-80BD-F1A02A83CEB4}.Debug|Any CPU.ActiveCfg = Debug|Any CPU
		{88E9822F-FCA9-4957-80BD-F1A02A83CEB4}.Debug|Any CPU.Build.0 = Debug|Any CPU
		{88E9822F-FCA9-4957-80BD-F1A02A83CEB4}.Release|Any CPU.ActiveCfg = Release|Any CPU
		{88E9822F-FCA9-4957-80BD-F1A02A83CEB4}.Release|Any CPU.Build.0 = Release|Any CPU
		{E733065B-C513-42B4-B397-84CFC01F35A3}.Debug|Any CPU.ActiveCfg = Debug|Any CPU
		{E733065B-C513-42B4-B397-84CFC01F35A3}.Debug|Any CPU.Build.0 = Debug|Any CPU
		{E733065B-C513-42B4-B397-84CFC01F35A3}.Release|Any CPU.ActiveCfg = Release|Any CPU
		{E733065B-C513-42B4-B397-84CFC01F35A3}.Release|Any CPU.Build.0 = Release|Any CPU
		{2791AF71-A452-4286-B1F9-99B8283B45F5}.Debug|Any CPU.ActiveCfg = Debug|Any CPU
		{2791AF71-A452-4286-B1F9-99B8283B45F5}.Debug|Any CPU.Build.0 = Debug|Any CPU
		{2791AF71-A452-4286-B1F9-99B8283B45F5}.Release|Any CPU.ActiveCfg = Release|Any CPU
		{2791AF71-A452-4286-B1F9-99B8283B45F5}.Release|Any CPU.Build.0 = Release|Any CPU
		{3A0E7EFF-A1E4-4F42-8B47-6D7FA57E651B}.Debug|Any CPU.ActiveCfg = Debug|Any CPU
		{3A0E7EFF-A1E4-4F42-8B47-6D7FA57E651B}.Debug|Any CPU.Build.0 = Debug|Any CPU
		{3A0E7EFF-A1E4-4F42-8B47-6D7FA57E651B}.Release|Any CPU.ActiveCfg = Release|Any CPU
		{3A0E7EFF-A1E4-4F42-8B47-6D7FA57E651B}.Release|Any CPU.Build.0 = Release|Any CPU
		{D30CC21F-E307-49B4-BBDC-2472DD9647AF}.Debug|Any CPU.ActiveCfg = Debug|Any CPU
		{D30CC21F-E307-49B4-BBDC-2472DD9647AF}.Debug|Any CPU.Build.0 = Debug|Any CPU
		{D30CC21F-E307-49B4-BBDC-2472DD9647AF}.Release|Any CPU.ActiveCfg = Release|Any CPU
		{D30CC21F-E307-49B4-BBDC-2472DD9647AF}.Release|Any CPU.Build.0 = Release|Any CPU
	EndGlobalSection
	GlobalSection(SolutionProperties) = preSolution
		HideSolutionNode = FALSE
	EndGlobalSection
	GlobalSection(NestedProjects) = preSolution
		{F201BE73-DBDE-450C-BDC0-FAE345A68E43} = {7B11399B-8024-499F-94EE-5569CAFA863F}
		{3DF4C4E5-DC42-40D2-A30C-56BA70D188BD} = {7B11399B-8024-499F-94EE-5569CAFA863F}
		{04598025-28EE-4674-B207-4BA21CC2F2C6} = {7B11399B-8024-499F-94EE-5569CAFA863F}
		{BDA72D8D-CF5C-41FF-91F3-C6493B5CD076} = {7B11399B-8024-499F-94EE-5569CAFA863F}
		{929A4780-F202-4CB9-AFDF-8E5FB5BE8A1F} = {7B11399B-8024-499F-94EE-5569CAFA863F}
		{081BE853-E4DA-4AB6-A320-782A06623469} = {86C43298-B881-4088-BBCE-F06FBA41A11F}
		{B8CBAB33-533D-4AE1-B11A-A09E2C887357} = {86C43298-B881-4088-BBCE-F06FBA41A11F}
		{C830E3E3-E29C-4643-B863-DF37F0A46690} = {8D60B0B3-A419-4EA2-907C-F8B4E5CCC6C1}
		{98CF23BB-92A4-470C-9D96-406090FE3A86} = {8D60B0B3-A419-4EA2-907C-F8B4E5CCC6C1}
		{2032F644-C13C-4AD4-95F7-3F7A3BF36316} = {8D60B0B3-A419-4EA2-907C-F8B4E5CCC6C1}
		{E9D1136B-45F8-4389-9823-B3CB29CCA9E3} = {6F95E196-707C-4009-A841-70C6A22DC7CE}
		{1734F039-A0CC-4C6E-BF91-5D584D439E23} = {8D60B0B3-A419-4EA2-907C-F8B4E5CCC6C1}
		{4F3E4DDF-20F2-4A03-AE38-F2FFF11974FF} = {E9D1136B-45F8-4389-9823-B3CB29CCA9E3}
		{B626D9D6-1035-4607-9C39-2A5CE429F1C3} = {1734F039-A0CC-4C6E-BF91-5D584D439E23}
		{71E67DE3-733C-44A2-BB1A-191A10941C79} = {1734F039-A0CC-4C6E-BF91-5D584D439E23}
		{103DB9D8-B9A1-44C9-A749-48CC903B4472} = {1734F039-A0CC-4C6E-BF91-5D584D439E23}
		{9672D004-5A2F-4CD7-9910-AD8D84C2758E} = {1734F039-A0CC-4C6E-BF91-5D584D439E23}
		{FDEA8142-804A-4928-B311-E23F8C9448BF} = {1734F039-A0CC-4C6E-BF91-5D584D439E23}
		{1279C02A-16DC-4F4C-80A0-F62951F4C104} = {E9D1136B-45F8-4389-9823-B3CB29CCA9E3}
		{4E9E8EED-DD52-4AB6-919C-C3C9BC2D5571} = {6F95E196-707C-4009-A841-70C6A22DC7CE}
		{0FDC1AE7-D611-43DB-B274-8188D3E162EB} = {4E9E8EED-DD52-4AB6-919C-C3C9BC2D5571}
		{651E1E9C-F3DB-4EC9-9927-A2955A49D8BC} = {8D60B0B3-A419-4EA2-907C-F8B4E5CCC6C1}
		{4C11A326-D59E-470E-BE46-FAA934638E9C} = {651E1E9C-F3DB-4EC9-9927-A2955A49D8BC}
		{2D4138A3-7908-4633-B1FA-5505E7DE151A} = {8D60B0B3-A419-4EA2-907C-F8B4E5CCC6C1}
		{D420EFFA-225D-46F5-9C91-0B83EBD6828E} = {2D4138A3-7908-4633-B1FA-5505E7DE151A}
		{F7C4B9F7-A05E-4F00-9817-859DCA081E94} = {2D4138A3-7908-4633-B1FA-5505E7DE151A}
		{4D0BBB2B-BDEA-4A18-B2A8-D2762E82AD70} = {2D4138A3-7908-4633-B1FA-5505E7DE151A}
		{9011D811-8713-4E02-81CF-1717211F61B7} = {0FDC1AE7-D611-43DB-B274-8188D3E162EB}
		{48682ED3-6099-4B1A-B306-34EFB5D6918C} = {0FDC1AE7-D611-43DB-B274-8188D3E162EB}
		{C9560F33-1B20-40F2-8FA3-9CB5368D2CBA} = {8D60B0B3-A419-4EA2-907C-F8B4E5CCC6C1}
		{F12D3070-8656-46FE-8487-21CA9AB5AD69} = {8D60B0B3-A419-4EA2-907C-F8B4E5CCC6C1}
		{29B7DB67-9508-4B03-9CAE-B5A3EE290516} = {E9D1136B-45F8-4389-9823-B3CB29CCA9E3}
		{AF7F5868-DAFB-4ED5-9051-9E5CD9968A98} = {86C43298-B881-4088-BBCE-F06FBA41A11F}
		{7AFE650A-4E6B-4907-B49A-3F1DA29C7180} = {A59DC99A-FC83-4289-A3B5-6EFFB18991CC}
		{63EBBE96-7226-407F-9459-76F52964317B} = {A59DC99A-FC83-4289-A3B5-6EFFB18991CC}
		{046F44D2-7313-49C7-A9C8-0B0F73D1BB47} = {A59DC99A-FC83-4289-A3B5-6EFFB18991CC}
		{93414F54-47C5-4508-B529-11A5A9550667} = {046F44D2-7313-49C7-A9C8-0B0F73D1BB47}
		{ADCEE357-5C70-451A-9181-C3670CD5B050} = {046F44D2-7313-49C7-A9C8-0B0F73D1BB47}
		{4D4569A2-602D-4A81-82F2-ADD40A2B3DB5} = {A59DC99A-FC83-4289-A3B5-6EFFB18991CC}
		{86902F8B-9BA5-4246-A9EF-E4B84CA06043} = {C3E4D361-9582-47D7-872E-2282DB2D3404}
		{D1A49777-391B-4F6D-B30E-418C8AA3CE12} = {C3E4D361-9582-47D7-872E-2282DB2D3404}
		{C3E4D361-9582-47D7-872E-2282DB2D3404} = {4D4569A2-602D-4A81-82F2-ADD40A2B3DB5}
		{DE23A292-534D-4221-BB09-1098A53F7756} = {C3E4D361-9582-47D7-872E-2282DB2D3404}
		{40A0C89D-8334-428D-AA51-E6F5A963ABC1} = {C3E4D361-9582-47D7-872E-2282DB2D3404}
		{5A9B5672-7842-4245-882A-E66F5FE62078} = {4D4569A2-602D-4A81-82F2-ADD40A2B3DB5}
		{B273BA3A-68AC-4E5C-B391-F3BCC865CBF9} = {5A9B5672-7842-4245-882A-E66F5FE62078}
		{75C7CB7D-88AF-4071-81AE-30964D9AB096} = {A59DC99A-FC83-4289-A3B5-6EFFB18991CC}
		{B0A54C63-8B57-4ACE-BB15-02597E706969} = {75C7CB7D-88AF-4071-81AE-30964D9AB096}
		{A8DFEE83-840A-4E18-BB6B-C60D77F5A17C} = {4D4569A2-602D-4A81-82F2-ADD40A2B3DB5}
		{29F67EEF-F3C6-4337-B5DE-79638EE9E629} = {4D4569A2-602D-4A81-82F2-ADD40A2B3DB5}
		{C1E19CAD-D853-4D52-A18A-AEF7A92BF23F} = {29F67EEF-F3C6-4337-B5DE-79638EE9E629}
		{06C4A00C-EF74-4A09-B62A-1BC9A661E1DC} = {29F67EEF-F3C6-4337-B5DE-79638EE9E629}
		{FBC81BA0-4770-46EF-8598-5D6F0278C1E4} = {29F67EEF-F3C6-4337-B5DE-79638EE9E629}
		{2500B30B-2381-4D9F-9388-FC36296FED2B} = {4D4569A2-602D-4A81-82F2-ADD40A2B3DB5}
		{C2E08A63-1720-4785-B218-066202D5A2FD} = {2500B30B-2381-4D9F-9388-FC36296FED2B}
		{8647C3F2-1C04-4A49-9777-92C0A879E134} = {2500B30B-2381-4D9F-9388-FC36296FED2B}
		{C875E1FF-658A-4DD5-9E5F-1CDD86E47669} = {A8DFEE83-840A-4E18-BB6B-C60D77F5A17C}
		{796D4F62-3644-4661-82EB-7A72C9A84599} = {4D4569A2-602D-4A81-82F2-ADD40A2B3DB5}
		{E602EA47-8E36-45DE-BE73-E6BC2D36DD41} = {796D4F62-3644-4661-82EB-7A72C9A84599}
		{85877FF1-F078-4212-A8E7-42D968B37D98} = {4D4569A2-602D-4A81-82F2-ADD40A2B3DB5}
		{47E7BB10-68D0-4EA9-9D43-1608FEC43E48} = {4D4569A2-602D-4A81-82F2-ADD40A2B3DB5}
		{88E9822F-FCA9-4957-80BD-F1A02A83CEB4} = {85877FF1-F078-4212-A8E7-42D968B37D98}
		{D5242BC1-C6E0-4CE1-9B98-7525F6A516A5} = {4D4569A2-602D-4A81-82F2-ADD40A2B3DB5}
		{E733065B-C513-42B4-B397-84CFC01F35A3} = {D5242BC1-C6E0-4CE1-9B98-7525F6A516A5}
		{2791AF71-A452-4286-B1F9-99B8283B45F5} = {046F44D2-7313-49C7-A9C8-0B0F73D1BB47}
		{71DAEA22-42AA-470D-87A1-EC4C5F5E20C7} = {046F44D2-7313-49C7-A9C8-0B0F73D1BB47}
		{3A0E7EFF-A1E4-4F42-8B47-6D7FA57E651B} = {71DAEA22-42AA-470D-87A1-EC4C5F5E20C7}
		{D30CC21F-E307-49B4-BBDC-2472DD9647AF} = {71DAEA22-42AA-470D-87A1-EC4C5F5E20C7}
	EndGlobalSection
	GlobalSection(ExtensibilityGlobals) = postSolution
		SolutionGuid = {AB0883EB-2C2A-438A-9E63-8305B0139289}
	EndGlobalSection
EndGlobal
